
Microsoft Visual Studio Solution File, Format Version 11.00
# Visual Studio 2010 Express for Windows Phone
Project("{FAE04EC0-301F-11D3-BF4B-00C04F79EFBC}") = "UnitTestLibrary", "Softbuild.Data.WinPhone71\UnitTestLibrary\UnitTestLibrary.csproj", "{11F87758-ECEB-4877-9ADB-52FFB735A442}"
EndProject
Project("{FAE04EC0-301F-11D3-BF4B-00C04F79EFBC}") = "Softbuild.Data.WinPhone71", "Softbuild.Data.WinPhone71\Softbuild.Data.WinPhone71.csproj", "{53A4977C-1468-4C0F-AC74-7FECBC126440}"
EndProject
Global
	GlobalSection(SolutionConfigurationPlatforms) = preSolution
		Debug|Any CPU = Debug|Any CPU
		Release|Any CPU = Release|Any CPU
	EndGlobalSection
	GlobalSection(ProjectConfigurationPlatforms) = postSolution
		{11F87758-ECEB-4877-9ADB-52FFB735A442}.Debug|Any CPU.ActiveCfg = Debug|Any CPU
		{11F87758-ECEB-4877-9ADB-52FFB735A442}.Debug|Any CPU.Build.0 = Debug|Any CPU
		{11F87758-ECEB-4877-9ADB-52FFB735A442}.Debug|Any CPU.Deploy.0 = Debug|Any CPU
		{11F87758-ECEB-4877-9ADB-52FFB735A442}.Release|Any CPU.ActiveCfg = Release|Any CPU
		{11F87758-ECEB-4877-9ADB-52FFB735A442}.Release|Any CPU.Build.0 = Release|Any CPU
		{11F87758-ECEB-4877-9ADB-52FFB735A442}.Release|Any CPU.Deploy.0 = Release|Any CPU
		{53A4977C-1468-4C0F-AC74-7FECBC126440}.Debug|Any CPU.ActiveCfg = Debug|Any CPU
		{53A4977C-1468-4C0F-AC74-7FECBC126440}.Debug|Any CPU.Build.0 = Debug|Any CPU
		{53A4977C-1468-4C0F-AC74-7FECBC126440}.Release|Any CPU.ActiveCfg = Release|Any CPU
		{53A4977C-1468-4C0F-AC74-7FECBC126440}.Release|Any CPU.Build.0 = Release|Any CPU
	EndGlobalSection
	GlobalSection(SolutionProperties) = preSolution
		HideSolutionNode = FALSE
	EndGlobalSection
EndGlobal
